
Microsoft Visual Studio Solution File, Format Version 12.00
# Visual Studio 15
VisualStudioVersion = 15.0.26730.16
MinimumVisualStudioVersion = 10.0.40219.1
Project("{888888A0-9F3D-457C-B088-3A5042F75D52}") = "HyppoDjango", "..\HyppoDjango.pyproj", "{CFD96EC0-C0D6-46AD-B934-4A3E9609F061}"
EndProject
Global
	GlobalSection(SolutionConfigurationPlatforms) = preSolution
		Debug|Any CPU = Debug|Any CPU
		Release|Any CPU = Release|Any CPU
	EndGlobalSection
	GlobalSection(ProjectConfigurationPlatforms) = postSolution
		{CFD96EC0-C0D6-46AD-B934-4A3E9609F061}.Debug|Any CPU.ActiveCfg = Debug|Any CPU
		{CFD96EC0-C0D6-46AD-B934-4A3E9609F061}.Debug|Any CPU.Build.0 = Debug|Any CPU
		{CFD96EC0-C0D6-46AD-B934-4A3E9609F061}.Release|Any CPU.ActiveCfg = Release|Any CPU
		{CFD96EC0-C0D6-46AD-B934-4A3E9609F061}.Release|Any CPU.Build.0 = Release|Any CPU
	EndGlobalSection
	GlobalSection(SolutionProperties) = preSolution
		HideSolutionNode = FALSE
	EndGlobalSection
	GlobalSection(ExtensibilityGlobals) = postSolution
		SolutionGuid = {B34FF130-CAAA-463C-B946-8ACAB1480D0B}
	EndGlobalSection
EndGlobal
